
Microsoft Visual Studio Solution File, Format Version 12.00
# Visual Studio 14
VisualStudioVersion = 14.0.25420.1
MinimumVisualStudioVersion = 10.0.40219.1
Project("{FAE04EC0-301F-11D3-BF4B-00C04F79EFBC}") = "Ford.MFalHarnesAnalyze.Windows", "Ford.MFalHarnesAnalyze\Ford.MFalHarnesAnalyze.Windows.csproj", "{068A1062-4D0C-4D9B-A195-FC82958884AA}"
EndProject
Project("{FAE04EC0-301F-11D3-BF4B-00C04F79EFBC}") = "Ford.MFalHarnesAnalyze.ViewModel", "Ford.MFalHarnesAnalyze.ViewModel\Ford.MFalHarnesAnalyze.ViewModel\Ford.MFalHarnesAnalyze.ViewModel.csproj", "{5CFCD25C-CABE-4B69-B5C7-18B582C7832A}"
EndProject
Project("{FAE04EC0-301F-11D3-BF4B-00C04F79EFBC}") = "Ford.MFalHarnesAnalyze.Model", "Ford.MFalHarnesAnalyze.Model\Ford.MFalHarnesAnalyze.Model.csproj", "{1428DF22-6885-451E-9E6B-2E5B7A1F95DD}"
EndProject
Project("{FAE04EC0-301F-11D3-BF4B-00C04F79EFBC}") = "Ford.MFalHarnesAnalyze.Office", "Ford.MFalHarnesAnalyze.Office\Ford.MFalHarnesAnalyze.Office.csproj", "{0089167B-6382-4D94-803B-A4A2C10D0949}"
EndProject
Global
	GlobalSection(SolutionConfigurationPlatforms) = preSolution
		Debug|Any CPU = Debug|Any CPU
		Release|Any CPU = Release|Any CPU
	EndGlobalSection
	GlobalSection(ProjectConfigurationPlatforms) = postSolution
		{068A1062-4D0C-4D9B-A195-FC82958884AA}.Debug|Any CPU.ActiveCfg = Debug|Any CPU
		{068A1062-4D0C-4D9B-A195-FC82958884AA}.Debug|Any CPU.Build.0 = Debug|Any CPU
		{068A1062-4D0C-4D9B-A195-FC82958884AA}.Release|Any CPU.ActiveCfg = Release|Any CPU
		{068A1062-4D0C-4D9B-A195-FC82958884AA}.Release|Any CPU.Build.0 = Release|Any CPU
		{5CFCD25C-CABE-4B69-B5C7-18B582C7832A}.Debug|Any CPU.ActiveCfg = Debug|Any CPU
		{5CFCD25C-CABE-4B69-B5C7-18B582C7832A}.Debug|Any CPU.Build.0 = Debug|Any CPU
		{5CFCD25C-CABE-4B69-B5C7-18B582C7832A}.Release|Any CPU.ActiveCfg = Release|Any CPU
		{5CFCD25C-CABE-4B69-B5C7-18B582C7832A}.Release|Any CPU.Build.0 = Release|Any CPU
		{1428DF22-6885-451E-9E6B-2E5B7A1F95DD}.Debug|Any CPU.ActiveCfg = Debug|Any CPU
		{1428DF22-6885-451E-9E6B-2E5B7A1F95DD}.Debug|Any CPU.Build.0 = Debug|Any CPU
		{1428DF22-6885-451E-9E6B-2E5B7A1F95DD}.Release|Any CPU.ActiveCfg = Release|Any CPU
		{1428DF22-6885-451E-9E6B-2E5B7A1F95DD}.Release|Any CPU.Build.0 = Release|Any CPU
		{0089167B-6382-4D94-803B-A4A2C10D0949}.Debug|Any CPU.ActiveCfg = Debug|Any CPU
		{0089167B-6382-4D94-803B-A4A2C10D0949}.Debug|Any CPU.Build.0 = Debug|Any CPU
		{0089167B-6382-4D94-803B-A4A2C10D0949}.Release|Any CPU.ActiveCfg = Release|Any CPU
		{0089167B-6382-4D94-803B-A4A2C10D0949}.Release|Any CPU.Build.0 = Release|Any CPU
	EndGlobalSection
	GlobalSection(SolutionProperties) = preSolution
		HideSolutionNode = FALSE
	EndGlobalSection
	GlobalSection(ExtensibilityGlobals) = postSolution
		SolutionGuid = {96674E19-4019-453B-9CEB-41D025F16CB5}
	EndGlobalSection
EndGlobal
